// !$*UTF8*$!
{
	archiveVersion = 1;
	classes = {
	};
	objectVersion = 50;
	objects = {

/* Begin PBXBuildFile section */
		1B39ADE02334CEC3007A8540 /* AppDelegate.swift in Sources */ = {isa = PBXBuildFile; fileRef = 1B39ADDF2334CEC3007A8540 /* AppDelegate.swift */; };
		1B39ADE22334CEC3007A8540 /* SceneDelegate.swift in Sources */ = {isa = PBXBuildFile; fileRef = 1B39ADE12334CEC3007A8540 /* SceneDelegate.swift */; };
		1B39ADE42334CEC3007A8540 /* ViewController.swift in Sources */ = {isa = PBXBuildFile; fileRef = 1B39ADE32334CEC3007A8540 /* ViewController.swift */; };
		1B39ADE72334CEC3007A8540 /* Main.storyboard in Resources */ = {isa = PBXBuildFile; fileRef = 1B39ADE52334CEC3007A8540 /* Main.storyboard */; };
		1B39ADE92334CEC8007A8540 /* Assets.xcassets in Resources */ = {isa = PBXBuildFile; fileRef = 1B39ADE82334CEC8007A8540 /* Assets.xcassets */; };
		1B39ADEC2334CEC8007A8540 /* LaunchScreen.storyboard in Resources */ = {isa = PBXBuildFile; fileRef = 1B39ADEA2334CEC8007A8540 /* LaunchScreen.storyboard */; };
		1B39ADFA2334D671007A8540 /* Media.xcassets in Resources */ = {isa = PBXBuildFile; fileRef = 1B39ADF92334D671007A8540 /* Media.xcassets */; };
		1B39ADFC2334D671007A8540 /* ActionViewController.swift in Sources */ = {isa = PBXBuildFile; fileRef = 1B39ADFB2334D671007A8540 /* ActionViewController.swift */; };
		1B39ADFF2334D671007A8540 /* MainInterface.storyboard in Resources */ = {isa = PBXBuildFile; fileRef = 1B39ADFD2334D671007A8540 /* MainInterface.storyboard */; };
		1B39AE032334D671007A8540 /* Extension.appex in Embed App Extensions */ = {isa = PBXBuildFile; fileRef = 1B39ADF72334D671007A8540 /* Extension.appex */; settings = {ATTRIBUTES = (RemoveHeadersOnCopy, ); }; };
		1B39AE092334EECD007A8540 /* Action.js in Resources */ = {isa = PBXBuildFile; fileRef = 1B39AE082334EECD007A8540 /* Action.js */; };
/* End PBXBuildFile section */

/* Begin PBXContainerItemProxy section */
		1B39AE012334D671007A8540 /* PBXContainerItemProxy */ = {
			isa = PBXContainerItemProxy;
			containerPortal = 1B39ADD42334CEC3007A8540 /* Project object */;
			proxyType = 1;
			remoteGlobalIDString = 1B39ADF62334D670007A8540;
			remoteInfo = Extension;
		};
/* End PBXContainerItemProxy section */

/* Begin PBXCopyFilesBuildPhase section */
		1B39AE072334D671007A8540 /* Embed App Extensions */ = {
			isa = PBXCopyFilesBuildPhase;
			buildActionMask = 2147483647;
			dstPath = "";
			dstSubfolderSpec = 13;
			files = (
				1B39AE032334D671007A8540 /* Extension.appex in Embed App Extensions */,
			);
			name = "Embed App Extensions";
			runOnlyForDeploymentPostprocessing = 0;
		};
/* End PBXCopyFilesBuildPhase section */

/* Begin PBXFileReference section */
		1B39ADDC2334CEC3007A8540 /* Project19.app */ = {isa = PBXFileReference; explicitFileType = wrapper.application; includeInIndex = 0; path = Project19.app; sourceTree = BUILT_PRODUCTS_DIR; };
		1B39ADDF2334CEC3007A8540 /* AppDelegate.swift */ = {isa = PBXFileReference; lastKnownFileType = sourcecode.swift; path = AppDelegate.swift; sourceTree = "<group>"; };
		1B39ADE12334CEC3007A8540 /* SceneDelegate.swift */ = {isa = PBXFileReference; lastKnownFileType = sourcecode.swift; path = SceneDelegate.swift; sourceTree = "<group>"; };
		1B39ADE32334CEC3007A8540 /* ViewController.swift */ = {isa = PBXFileReference; lastKnownFileType = sourcecode.swift; path = ViewController.swift; sourceTree = "<group>"; };
		1B39ADE62334CEC3007A8540 /* Base */ = {isa = PBXFileReference; lastKnownFileType = file.storyboard; name = Base; path = Base.lproj/Main.storyboard; sourceTree = "<group>"; };
		1B39ADE82334CEC8007A8540 /* Assets.xcassets */ = {isa = PBXFileReference; lastKnownFileType = folder.assetcatalog; path = Assets.xcassets; sourceTree = "<group>"; };
		1B39ADEB2334CEC8007A8540 /* Base */ = {isa = PBXFileReference; lastKnownFileType = file.storyboard; name = Base; path = Base.lproj/LaunchScreen.storyboard; sourceTree = "<group>"; };
		1B39ADED2334CEC8007A8540 /* Info.plist */ = {isa = PBXFileReference; lastKnownFileType = text.plist.xml; path = Info.plist; sourceTree = "<group>"; };
		1B39ADF72334D671007A8540 /* Extension.appex */ = {isa = PBXFileReference; explicitFileType = "wrapper.app-extension"; includeInIndex = 0; path = Extension.appex; sourceTree = BUILT_PRODUCTS_DIR; };
		1B39ADF92334D671007A8540 /* Media.xcassets */ = {isa = PBXFileReference; lastKnownFileType = folder.assetcatalog; path = Media.xcassets; sourceTree = "<group>"; };
		1B39ADFB2334D671007A8540 /* ActionViewController.swift */ = {isa = PBXFileReference; lastKnownFileType = sourcecode.swift; path = ActionViewController.swift; sourceTree = "<group>"; };
		1B39ADFE2334D671007A8540 /* Base */ = {isa = PBXFileReference; lastKnownFileType = file.storyboard; name = Base; path = Base.lproj/MainInterface.storyboard; sourceTree = "<group>"; };
		1B39AE002334D671007A8540 /* Info.plist */ = {isa = PBXFileReference; lastKnownFileType = text.plist.xml; path = Info.plist; sourceTree = "<group>"; };
		1B39AE082334EECD007A8540 /* Action.js */ = {isa = PBXFileReference; lastKnownFileType = sourcecode.javascript; path = Action.js; sourceTree = "<group>"; };
/* End PBXFileReference section */

/* Begin PBXFrameworksBuildPhase section */
		1B39ADD92334CEC3007A8540 /* Frameworks */ = {
			isa = PBXFrameworksBuildPhase;
			buildActionMask = 2147483647;
			files = (
			);
			runOnlyForDeploymentPostprocessing = 0;
		};
		1B39ADF42334D670007A8540 /* Frameworks */ = {
			isa = PBXFrameworksBuildPhase;
			buildActionMask = 2147483647;
			files = (
			);
			runOnlyForDeploymentPostprocessing = 0;
		};
/* End PBXFrameworksBuildPhase section */

/* Begin PBXGroup section */
		1B39ADD32334CEC3007A8540 = {
			isa = PBXGroup;
			children = (
				1B39ADDE2334CEC3007A8540 /* Project19 */,
				1B39ADF82334D671007A8540 /* Extension */,
				1B39ADDD2334CEC3007A8540 /* Products */,
			);
			sourceTree = "<group>";
		};
		1B39ADDD2334CEC3007A8540 /* Products */ = {
			isa = PBXGroup;
			children = (
				1B39ADDC2334CEC3007A8540 /* Project19.app */,
				1B39ADF72334D671007A8540 /* Extension.appex */,
			);
			name = Products;
			sourceTree = "<group>";
		};
		1B39ADDE2334CEC3007A8540 /* Project19 */ = {
			isa = PBXGroup;
			children = (
				1B39ADDF2334CEC3007A8540 /* AppDelegate.swift */,
				1B39ADE12334CEC3007A8540 /* SceneDelegate.swift */,
				1B39ADE32334CEC3007A8540 /* ViewController.swift */,
				1B39ADE52334CEC3007A8540 /* Main.storyboard */,
				1B39ADE82334CEC8007A8540 /* Assets.xcassets */,
				1B39ADEA2334CEC8007A8540 /* LaunchScreen.storyboard */,
				1B39ADED2334CEC8007A8540 /* Info.plist */,
			);
			path = Project19;
			sourceTree = "<group>";
		};
		1B39ADF82334D671007A8540 /* Extension */ = {
			isa = PBXGroup;
			children = (
				1B39ADF92334D671007A8540 /* Media.xcassets */,
				1B39ADFB2334D671007A8540 /* ActionViewController.swift */,
				1B39ADFD2334D671007A8540 /* MainInterface.storyboard */,
				1B39AE002334D671007A8540 /* Info.plist */,
				1B39AE082334EECD007A8540 /* Action.js */,
			);
			path = Extension;
			sourceTree = "<group>";
		};
/* End PBXGroup section */

/* Begin PBXNativeTarget section */
		1B39ADDB2334CEC3007A8540 /* Project19 */ = {
			isa = PBXNativeTarget;
			buildConfigurationList = 1B39ADF02334CEC8007A8540 /* Build configuration list for PBXNativeTarget "Project19" */;
			buildPhases = (
				1B39ADD82334CEC3007A8540 /* Sources */,
				1B39ADD92334CEC3007A8540 /* Frameworks */,
				1B39ADDA2334CEC3007A8540 /* Resources */,
				1B39AE072334D671007A8540 /* Embed App Extensions */,
			);
			buildRules = (
			);
			dependencies = (
				1B39AE022334D671007A8540 /* PBXTargetDependency */,
			);
			name = Project19;
			productName = Project19;
			productReference = 1B39ADDC2334CEC3007A8540 /* Project19.app */;
			productType = "com.apple.product-type.application";
		};
		1B39ADF62334D670007A8540 /* Extension */ = {
			isa = PBXNativeTarget;
			buildConfigurationList = 1B39AE042334D671007A8540 /* Build configuration list for PBXNativeTarget "Extension" */;
			buildPhases = (
				1B39ADF32334D670007A8540 /* Sources */,
				1B39ADF42334D670007A8540 /* Frameworks */,
				1B39ADF52334D670007A8540 /* Resources */,
			);
			buildRules = (
			);
			dependencies = (
			);
			name = Extension;
			productName = Extension;
			productReference = 1B39ADF72334D671007A8540 /* Extension.appex */;
			productType = "com.apple.product-type.app-extension";
		};
/* End PBXNativeTarget section */

/* Begin PBXProject section */
		1B39ADD42334CEC3007A8540 /* Project object */ = {
			isa = PBXProject;
			attributes = {
				LastSwiftUpdateCheck = 1100;
				LastUpgradeCheck = 1100;
				ORGANIZATIONNAME = "Karol Harasim";
				TargetAttributes = {
					1B39ADDB2334CEC3007A8540 = {
						CreatedOnToolsVersion = 11.0;
					};
					1B39ADF62334D670007A8540 = {
						CreatedOnToolsVersion = 11.0;
					};
				};
			};
			buildConfigurationList = 1B39ADD72334CEC3007A8540 /* Build configuration list for PBXProject "Project19" */;
			compatibilityVersion = "Xcode 9.3";
			developmentRegion = en;
			hasScannedForEncodings = 0;
			knownRegions = (
				en,
				Base,
			);
			mainGroup = 1B39ADD32334CEC3007A8540;
			productRefGroup = 1B39ADDD2334CEC3007A8540 /* Products */;
			projectDirPath = "";
			projectRoot = "";
			targets = (
				1B39ADDB2334CEC3007A8540 /* Project19 */,
				1B39ADF62334D670007A8540 /* Extension */,
			);
		};
/* End PBXProject section */

/* Begin PBXResourcesBuildPhase section */
		1B39ADDA2334CEC3007A8540 /* Resources */ = {
			isa = PBXResourcesBuildPhase;
			buildActionMask = 2147483647;
			files = (
				1B39ADEC2334CEC8007A8540 /* LaunchScreen.storyboard in Resources */,
				1B39ADE92334CEC8007A8540 /* Assets.xcassets in Resources */,
				1B39ADE72334CEC3007A8540 /* Main.storyboard in Resources */,
			);
			runOnlyForDeploymentPostprocessing = 0;
		};
		1B39ADF52334D670007A8540 /* Resources */ = {
			isa = PBXResourcesBuildPhase;
			buildActionMask = 2147483647;
			files = (
				1B39AE092334EECD007A8540 /* Action.js in Resources */,
				1B39ADFA2334D671007A8540 /* Media.xcassets in Resources */,
				1B39ADFF2334D671007A8540 /* MainInterface.storyboard in Resources */,
			);
			runOnlyForDeploymentPostprocessing = 0;
		};
/* End PBXResourcesBuildPhase section */

/* Begin PBXSourcesBuildPhase section */
		1B39ADD82334CEC3007A8540 /* Sources */ = {
			isa = PBXSourcesBuildPhase;
			buildActionMask = 2147483647;
			files = (
				1B39ADE42334CEC3007A8540 /* ViewController.swift in Sources */,
				1B39ADE02334CEC3007A8540 /* AppDelegate.swift in Sources */,
				1B39ADE22334CEC3007A8540 /* SceneDelegate.swift in Sources */,
			);
			runOnlyForDeploymentPostprocessing = 0;
		};
		1B39ADF32334D670007A8540 /* Sources */ = {
			isa = PBXSourcesBuildPhase;
			buildActionMask = 2147483647;
			files = (
				1B39ADFC2334D671007A8540 /* ActionViewController.swift in Sources */,
			);
			runOnlyForDeploymentPostprocessing = 0;
		};
/* End PBXSourcesBuildPhase section */

/* Begin PBXTargetDependency section */
		1B39AE022334D671007A8540 /* PBXTargetDependency */ = {
			isa = PBXTargetDependency;
			target = 1B39ADF62334D670007A8540 /* Extension */;
			targetProxy = 1B39AE012334D671007A8540 /* PBXContainerItemProxy */;
		};
/* End PBXTargetDependency section */

/* Begin PBXVariantGroup section */
		1B39ADE52334CEC3007A8540 /* Main.storyboard */ = {
			isa = PBXVariantGroup;
			children = (
				1B39ADE62334CEC3007A8540 /* Base */,
			);
			name = Main.storyboard;
			sourceTree = "<group>";
		};
		1B39ADEA2334CEC8007A8540 /* LaunchScreen.storyboard */ = {
			isa = PBXVariantGroup;
			children = (
				1B39ADEB2334CEC8007A8540 /* Base */,
			);
			name = LaunchScreen.storyboard;
			sourceTree = "<group>";
		};
		1B39ADFD2334D671007A8540 /* MainInterface.storyboard */ = {
			isa = PBXVariantGroup;
			children = (
				1B39ADFE2334D671007A8540 /* Base */,
			);
			name = MainInterface.storyboard;
			sourceTree = "<group>";
		};
/* End PBXVariantGroup section */

/* Begin XCBuildConfiguration section */
		1B39ADEE2334CEC8007A8540 /* Debug */ = {
			isa = XCBuildConfiguration;
			buildSettings = {
				ALWAYS_SEARCH_USER_PATHS = NO;
				CLANG_ANALYZER_NONNULL = YES;
				CLANG_ANALYZER_NUMBER_OBJECT_CONVERSION = YES_AGGRESSIVE;
				CLANG_CXX_LANGUAGE_STANDARD = "gnu++14";
				CLANG_CXX_LIBRARY = "libc++";
				CLANG_ENABLE_MODULES = YES;
				CLANG_ENABLE_OBJC_ARC = YES;
				CLANG_ENABLE_OBJC_WEAK = YES;
				CLANG_WARN_BLOCK_CAPTURE_AUTORELEASING = YES;
				CLANG_WARN_BOOL_CONVERSION = YES;
				CLANG_WARN_COMMA = YES;
				CLANG_WARN_CONSTANT_CONVERSION = YES;
				CLANG_WARN_DEPRECATED_OBJC_IMPLEMENTATIONS = YES;
				CLANG_WARN_DIRECT_OBJC_ISA_USAGE = YES_ERROR;
				CLANG_WARN_DOCUMENTATION_COMMENTS = YES;
				CLANG_WARN_EMPTY_BODY = YES;
				CLANG_WARN_ENUM_CONVERSION = YES;
				CLANG_WARN_INFINITE_RECURSION = YES;
				CLANG_WARN_INT_CONVERSION = YES;
				CLANG_WARN_NON_LITERAL_NULL_CONVERSION = YES;
				CLANG_WARN_OBJC_IMPLICIT_RETAIN_SELF = YES;
				CLANG_WARN_OBJC_LITERAL_CONVERSION = YES;
				CLANG_WARN_OBJC_ROOT_CLASS = YES_ERROR;
				CLANG_WARN_RANGE_LOOP_ANALYSIS = YES;
				CLANG_WARN_STRICT_PROTOTYPES = YES;
				CLANG_WARN_SUSPICIOUS_MOVE = YES;
				CLANG_WARN_UNGUARDED_AVAILABILITY = YES_AGGRESSIVE;
				CLANG_WARN_UNREACHABLE_CODE = YES;
				CLANG_WARN__DUPLICATE_METHOD_MATCH = YES;
				COPY_PHASE_STRIP = NO;
				DEBUG_INFORMATION_FORMAT = dwarf;
				ENABLE_STRICT_OBJC_MSGSEND = YES;
				ENABLE_TESTABILITY = YES;
				GCC_C_LANGUAGE_STANDARD = gnu11;
				GCC_DYNAMIC_NO_PIC = NO;
				GCC_NO_COMMON_BLOCKS = YES;
				GCC_OPTIMIZATION_LEVEL = 0;
				GCC_PREPROCESSOR_DEFINITIONS = (
					"DEBUG=1",
					"$(inherited)",
				);
				GCC_WARN_64_TO_32_BIT_CONVERSION = YES;
				GCC_WARN_ABOUT_RETURN_TYPE = YES_ERROR;
				GCC_WARN_UNDECLARED_SELECTOR = YES;
				GCC_WARN_UNINITIALIZED_AUTOS = YES_AGGRESSIVE;
				GCC_WARN_UNUSED_FUNCTION = YES;
				GCC_WARN_UNUSED_VARIABLE = YES;
				IPHONEOS_DEPLOYMENT_TARGET = 13.0;
				MTL_ENABLE_DEBUG_INFO = INCLUDE_SOURCE;
				MTL_FAST_MATH = YES;
				ONLY_ACTIVE_ARCH = YES;
				SDKROOT = iphoneos;
				SWIFT_ACTIVE_COMPILATION_CONDITIONS = DEBUG;
				SWIFT_OPTIMIZATION_LEVEL = "-Onone";
			};
			name = Debug;
		};
		1B39ADEF2334CEC8007A8540 /* Release */ = {
			isa = XCBuildConfiguration;
			buildSettings = {
				ALWAYS_SEARCH_USER_PATHS = NO;
				CLANG_ANALYZER_NONNULL = YES;
				CLANG_ANALYZER_NUMBER_OBJECT_CONVERSION = YES_AGGRESSIVE;
				CLANG_CXX_LANGUAGE_STANDARD = "gnu++14";
				CLANG_CXX_LIBRARY = "libc++";
				CLANG_ENABLE_MODULES = YES;
				CLANG_ENABLE_OBJC_ARC = YES;
				CLANG_ENABLE_OBJC_WEAK = YES;
				CLANG_WARN_BLOCK_CAPTURE_AUTORELEASING = YES;
				CLANG_WARN_BOOL_CONVERSION = YES;
				CLANG_WARN_COMMA = YES;
				CLANG_WARN_CONSTANT_CONVERSION = YES;
				CLANG_WARN_DEPRECATED_OBJC_IMPLEMENTATIONS = YES;
				CLANG_WARN_DIRECT_OBJC_ISA_USAGE = YES_ERROR;
				CLANG_WARN_DOCUMENTATION_COMMENTS = YES;
				CLANG_WARN_EMPTY_BODY = YES;
				CLANG_WARN_ENUM_CONVERSION = YES;
				CLANG_WARN_INFINITE_RECURSION = YES;
				CLANG_WARN_INT_CONVERSION = YES;
				CLANG_WARN_NON_LITERAL_NULL_CONVERSION = YES;
				CLANG_WARN_OBJC_IMPLICIT_RETAIN_SELF = YES;
				CLANG_WARN_OBJC_LITERAL_CONVERSION = YES;
				CLANG_WARN_OBJC_ROOT_CLASS = YES_ERROR;
				CLANG_WARN_RANGE_LOOP_ANALYSIS = YES;
				CLANG_WARN_STRICT_PROTOTYPES = YES;
				CLANG_WARN_SUSPICIOUS_MOVE = YES;
				CLANG_WARN_UNGUARDED_AVAILABILITY = YES_AGGRESSIVE;
				CLANG_WARN_UNREACHABLE_CODE = YES;
				CLANG_WARN__DUPLICATE_METHOD_MATCH = YES;
				COPY_PHASE_STRIP = NO;
				DEBUG_INFORMATION_FORMAT = "dwarf-with-dsym";
				ENABLE_NS_ASSERTIONS = NO;
				ENABLE_STRICT_OBJC_MSGSEND = YES;
				GCC_C_LANGUAGE_STANDARD = gnu11;
				GCC_NO_COMMON_BLOCKS = YES;
				GCC_WARN_64_TO_32_BIT_CONVERSION = YES;
				GCC_WARN_ABOUT_RETURN_TYPE = YES_ERROR;
				GCC_WARN_UNDECLARED_SELECTOR = YES;
				GCC_WARN_UNINITIALIZED_AUTOS = YES_AGGRESSIVE;
				GCC_WARN_UNUSED_FUNCTION = YES;
				GCC_WARN_UNUSED_VARIABLE = YES;
				IPHONEOS_DEPLOYMENT_TARGET = 13.0;
				MTL_ENABLE_DEBUG_INFO = NO;
				MTL_FAST_MATH = YES;
				SDKROOT = iphoneos;
				SWIFT_COMPILATION_MODE = wholemodule;
				SWIFT_OPTIMIZATION_LEVEL = "-O";
				VALIDATE_PRODUCT = YES;
			};
			name = Release;
		};
		1B39ADF12334CEC8007A8540 /* Debug */ = {
			isa = XCBuildConfiguration;
			buildSettings = {
				ALWAYS_EMBED_SWIFT_STANDARD_LIBRARIES = YES;
				ASSETCATALOG_COMPILER_APPICON_NAME = AppIcon;
				CODE_SIGN_STYLE = Automatic;
				DEVELOPMENT_TEAM = ACWF44DUFK;
				INFOPLIST_FILE = Project19/Info.plist;
				LD_RUNPATH_SEARCH_PATHS = (
					"$(inherited)",
					"@executable_path/Frameworks",
				);
				PRODUCT_BUNDLE_IDENTIFIER = Kari.Project19;
				PRODUCT_NAME = "$(TARGET_NAME)";
				SWIFT_VERSION = 5.0;
				TARGETED_DEVICE_FAMILY = "1,2";
			};
			name = Debug;
		};
		1B39ADF22334CEC8007A8540 /* Release */ = {
			isa = XCBuildConfiguration;
			buildSettings = {
				ALWAYS_EMBED_SWIFT_STANDARD_LIBRARIES = YES;
				ASSETCATALOG_COMPILER_APPICON_NAME = AppIcon;
				CODE_SIGN_STYLE = Automatic;
				DEVELOPMENT_TEAM = ACWF44DUFK;
				INFOPLIST_FILE = Project19/Info.plist;
				LD_RUNPATH_SEARCH_PATHS = (
					"$(inherited)",
					"@executable_path/Frameworks",
				);
				PRODUCT_BUNDLE_IDENTIFIER = Kari.Project19;
				PRODUCT_NAME = "$(TARGET_NAME)";
				SWIFT_VERSION = 5.0;
				TARGETED_DEVICE_FAMILY = "1,2";
			};
			name = Release;
		};
		1B39AE052334D671007A8540 /* Debug */ = {
			isa = XCBuildConfiguration;
			buildSettings = {
				CODE_SIGN_STYLE = Automatic;
				DEVELOPMENT_TEAM = ACWF44DUFK;
				INFOPLIST_FILE = Extension/Info.plist;
				LD_RUNPATH_SEARCH_PATHS = (
					"$(inherited)",
					"@executable_path/Frameworks",
					"@executable_path/../../Frameworks",
				);
				PRODUCT_BUNDLE_IDENTIFIER = Kari.Project19.Extension;
				PRODUCT_NAME = "$(TARGET_NAME)";
				SKIP_INSTALL = YES;
				SWIFT_VERSION = 5.0;
				TARGETED_DEVICE_FAMILY = "1,2";
			};
			name = Debug;
		};
		1B39AE062334D671007A8540 /* Release */ = {
			isa = XCBuildConfiguration;
			buildSettings = {
				CODE_SIGN_STYLE = Automatic;
				DEVELOPMENT_TEAM = ACWF44DUFK;
				INFOPLIST_FILE = Extension/Info.plist;
				LD_RUNPATH_SEARCH_PATHS = (
					"$(inherited)",
					"@executable_path/Frameworks",
					"@executable_path/../../Frameworks",
				);
				PRODUCT_BUNDLE_IDENTIFIER = Kari.Project19.Extension;
				PRODUCT_NAME = "$(TARGET_NAME)";
				SKIP_INSTALL = YES;
				SWIFT_VERSION = 5.0;
				TARGETED_DEVICE_FAMILY = "1,2";
			};
			name = Release;
		};
/* End XCBuildConfiguration section */

/* Begin XCConfigurationList section */
		1B39ADD72334CEC3007A8540 /* Build configuration list for PBXProject "Project19" */ = {
			isa = XCConfigurationList;
			buildConfigurations = (
				1B39ADEE2334CEC8007A8540 /* Debug */,
				1B39ADEF2334CEC8007A8540 /* Release */,
			);
			defaultConfigurationIsVisible = 0;
			defaultConfigurationName = Release;
		};
		1B39ADF02334CEC8007A8540 /* Build configuration list for PBXNativeTarget "Project19" */ = {
			isa = XCConfigurationList;
			buildConfigurations = (
				1B39ADF12334CEC8007A8540 /* Debug */,
				1B39ADF22334CEC8007A8540 /* Release */,
			);
			defaultConfigurationIsVisible = 0;
			defaultConfigurationName = Release;
		};
		1B39AE042334D671007A8540 /* Build configuration list for PBXNativeTarget "Extension" */ = {
			isa = XCConfigurationList;
			buildConfigurations = (
				1B39AE052334D671007A8540 /* Debug */,
				1B39AE062334D671007A8540 /* Release */,
			);
			defaultConfigurationIsVisible = 0;
			defaultConfigurationName = Release;
		};
/* End XCConfigurationList section */
	};
	rootObject = 1B39ADD42334CEC3007A8540 /* Project object */;
}
